schema: '2.0'
stages:
  clean:
    cmd: python scripts/clean.py
    deps:
    - path: data/raw/events.csv
      hash: md5
      md5: 431ff8b1e99f6c5ac0a423d9e37ac2a9
      size: 73240
      isexec: true
    - path: scripts/clean.py
      hash: md5
      md5: 7d88aa81d943a8175539931a487905ba
      size: 1505
      isexec: true
    outs:
    - path: data/clean/events.csv
      hash: md5
      md5: 1cb386ce042cbca731c87352a84e15bd
      size: 59415
      isexec: true
  transform:
    cmd: python scripts/transform.py
    deps:
    - path: data/clean/events.csv
      hash: md5
      md5: 1cb386ce042cbca731c87352a84e15bd
      size: 59415
      isexec: true
    - path: scripts/transform.py
      hash: md5
      md5: d8635d056226a159a31cd92811f61ac8
      size: 596
      isexec: true
    outs:
    - path: data/transformed/events.csv
      hash: md5
      md5: c88a8a6a6bf3f81bc94a92ac9c3e161e
      size: 77152
      isexec: true
  features:
    cmd: python scripts/features.py
    deps:
    - path: data/transformed/events.csv
      hash: md5
      md5: c88a8a6a6bf3f81bc94a92ac9c3e161e
      size: 77152
      isexec: true
    - path: scripts/features.py
      hash: md5
      md5: b220799a61d4c9ace1b310940847b63f
      size: 768
      isexec: true
    outs:
    - path: data/features/events.csv
      hash: md5
      md5: 9b7086903a82b48ed68a2e0b168f56a3
      size: 113174
      isexec: true
